# This file is automatically @generated by Cargo.
# It is not intended for manual editing.
version = 3

[[package]]
name = "basic_data"
version = "0.1.0"

[[package]]
name = "conditional_branch"
version = "0.1.0"

[[package]]
name = "custome_type"
version = "0.1.0"

[[package]]
name = "first_rust_project"
version = "0.1.0"

[[package]]
name = "hello_world"
version = "0.1.0"

[[package]]
name = "types"
version = "0.1.0"
